
Microsoft Visual Studio Solution File, Format Version 12.00
# Visual Studio Version 17
VisualStudioVersion = 17.11.35312.102
MinimumVisualStudioVersion = 10.0.40219.1
Project("{9A19103F-16F7-4668-BE54-9A1E7A4F7556}") = "SanaCommerce.API", "SanaCommerce.Server\SanaCommerce.API.csproj", "{882D635E-597B-4796-898B-A0F4357FE135}"
EndProject
Project("{54A90642-561A-4BB1-A94E-469ADEE60C69}") = "SanaCommerce.Client", "SanaCommerce.Client\SanaCommerce.Client.esproj", "{A0928393-3091-4E6B-8CDF-29772781C2C5}"
EndProject
Project("{FAE04EC0-301F-11D3-BF4B-00C04F79EFBC}") = "SanaCommerce.Domain", "SanaCommerce.Domain\SanaCommerce.Domain.csproj", "{35B9D0CA-34C7-4E1D-A5A7-C86A1F8C51F1}"
EndProject
Project("{FAE04EC0-301F-11D3-BF4B-00C04F79EFBC}") = "SanaCommerce.Application", "SanaCommerce.Application\SanaCommerce.Application.csproj", "{9CFFF906-2B05-47E1-AE5C-CE6F4E77E2C1}"
EndProject
Project("{FAE04EC0-301F-11D3-BF4B-00C04F79EFBC}") = "SanaCommerce.Infrastructure", "SanaCommerce.Infrastructure\SanaCommerce.Infrastructure.csproj", "{A0A576E6-50E5-41C3-9089-33411EEDDA75}"
EndProject
Global
	GlobalSection(SolutionConfigurationPlatforms) = preSolution
		Debug|Any CPU = Debug|Any CPU
		Release|Any CPU = Release|Any CPU
	EndGlobalSection
	GlobalSection(ProjectConfigurationPlatforms) = postSolution
		{882D635E-597B-4796-898B-A0F4357FE135}.Debug|Any CPU.ActiveCfg = Debug|Any CPU
		{882D635E-597B-4796-898B-A0F4357FE135}.Debug|Any CPU.Build.0 = Debug|Any CPU
		{882D635E-597B-4796-898B-A0F4357FE135}.Release|Any CPU.ActiveCfg = Release|Any CPU
		{882D635E-597B-4796-898B-A0F4357FE135}.Release|Any CPU.Build.0 = Release|Any CPU
		{A0928393-3091-4E6B-8CDF-29772781C2C5}.Debug|Any CPU.ActiveCfg = Debug|Any CPU
		{A0928393-3091-4E6B-8CDF-29772781C2C5}.Debug|Any CPU.Build.0 = Debug|Any CPU
		{A0928393-3091-4E6B-8CDF-29772781C2C5}.Debug|Any CPU.Deploy.0 = Debug|Any CPU
		{A0928393-3091-4E6B-8CDF-29772781C2C5}.Release|Any CPU.ActiveCfg = Release|Any CPU
		{A0928393-3091-4E6B-8CDF-29772781C2C5}.Release|Any CPU.Build.0 = Release|Any CPU
		{A0928393-3091-4E6B-8CDF-29772781C2C5}.Release|Any CPU.Deploy.0 = Release|Any CPU
		{35B9D0CA-34C7-4E1D-A5A7-C86A1F8C51F1}.Debug|Any CPU.ActiveCfg = Debug|Any CPU
		{35B9D0CA-34C7-4E1D-A5A7-C86A1F8C51F1}.Debug|Any CPU.Build.0 = Debug|Any CPU
		{35B9D0CA-34C7-4E1D-A5A7-C86A1F8C51F1}.Release|Any CPU.ActiveCfg = Release|Any CPU
		{35B9D0CA-34C7-4E1D-A5A7-C86A1F8C51F1}.Release|Any CPU.Build.0 = Release|Any CPU
		{9CFFF906-2B05-47E1-AE5C-CE6F4E77E2C1}.Debug|Any CPU.ActiveCfg = Debug|Any CPU
		{9CFFF906-2B05-47E1-AE5C-CE6F4E77E2C1}.Debug|Any CPU.Build.0 = Debug|Any CPU
		{9CFFF906-2B05-47E1-AE5C-CE6F4E77E2C1}.Release|Any CPU.ActiveCfg = Release|Any CPU
		{9CFFF906-2B05-47E1-AE5C-CE6F4E77E2C1}.Release|Any CPU.Build.0 = Release|Any CPU
		{A0A576E6-50E5-41C3-9089-33411EEDDA75}.Debug|Any CPU.ActiveCfg = Debug|Any CPU
		{A0A576E6-50E5-41C3-9089-33411EEDDA75}.Debug|Any CPU.Build.0 = Debug|Any CPU
		{A0A576E6-50E5-41C3-9089-33411EEDDA75}.Release|Any CPU.ActiveCfg = Release|Any CPU
		{A0A576E6-50E5-41C3-9089-33411EEDDA75}.Release|Any CPU.Build.0 = Release|Any CPU
	EndGlobalSection
	GlobalSection(SolutionProperties) = preSolution
		HideSolutionNode = FALSE
	EndGlobalSection
	GlobalSection(ExtensibilityGlobals) = postSolution
		SolutionGuid = {53001665-0DAD-43D3-8B8D-F97E48D14466}
	EndGlobalSection
EndGlobal
